
Microsoft Visual Studio Solution File, Format Version 12.00
# Visual Studio Version 17
VisualStudioVersion = 17.4.33122.133
MinimumVisualStudioVersion = 10.0.40219.1
Project("{FAE04EC0-301F-11D3-BF4B-00C04F79EFBC}") = "GitHubGistStorage", "GitHubGistStorage.csproj", "{EE38BD9F-876D-4108-86F6-068277EDCE88}"
EndProject
Global
	GlobalSection(SolutionConfigurationPlatforms) = preSolution
		Debug|Any CPU = Debug|Any CPU
		Release|Any CPU = Release|Any CPU
	EndGlobalSection
	GlobalSection(ProjectConfigurationPlatforms) = postSolution
		{EE38BD9F-876D-4108-86F6-068277EDCE88}.Debug|Any CPU.ActiveCfg = Debug|Any CPU
		{EE38BD9F-876D-4108-86F6-068277EDCE88}.Debug|Any CPU.Build.0 = Debug|Any CPU
		{EE38BD9F-876D-4108-86F6-068277EDCE88}.Release|Any CPU.ActiveCfg = Release|Any CPU
		{EE38BD9F-876D-4108-86F6-068277EDCE88}.Release|Any CPU.Build.0 = Release|Any CPU
	EndGlobalSection
	GlobalSection(SolutionProperties) = preSolution
		HideSolutionNode = FALSE
	EndGlobalSection
	GlobalSection(ExtensibilityGlobals) = postSolution
		SolutionGuid = {E480D829-A3EE-4DDA-AE9A-9B55BC01FA39}
	EndGlobalSection
EndGlobal
